
Microsoft Visual Studio Solution File, Format Version 12.00
# Visual Studio Version 17
VisualStudioVersion = 17.3.32929.385
MinimumVisualStudioVersion = 10.0.40219.1
Project("{9A19103F-16F7-4668-BE54-9A1E7A4F7556}") = "DreamTrip.API", "DreamTrip.API\DreamTrip.API.csproj", "{9FD4F711-B740-4B41-A44E-8075848B21FD}"
EndProject
Project("{FAE04EC0-301F-11D3-BF4B-00C04F79EFBC}") = "Tests", "Tests\Tests.csproj", "{823C0B01-D0AE-4CB9-B481-2E28B7A228AF}"
EndProject
Global
	GlobalSection(SolutionConfigurationPlatforms) = preSolution
		Debug|Any CPU = Debug|Any CPU
		Release|Any CPU = Release|Any CPU
	EndGlobalSection
	GlobalSection(ProjectConfigurationPlatforms) = postSolution
		{9FD4F711-B740-4B41-A44E-8075848B21FD}.Debug|Any CPU.ActiveCfg = Debug|Any CPU
		{9FD4F711-B740-4B41-A44E-8075848B21FD}.Debug|Any CPU.Build.0 = Debug|Any CPU
		{9FD4F711-B740-4B41-A44E-8075848B21FD}.Release|Any CPU.ActiveCfg = Release|Any CPU
		{9FD4F711-B740-4B41-A44E-8075848B21FD}.Release|Any CPU.Build.0 = Release|Any CPU
		{823C0B01-D0AE-4CB9-B481-2E28B7A228AF}.Debug|Any CPU.ActiveCfg = Debug|Any CPU
		{823C0B01-D0AE-4CB9-B481-2E28B7A228AF}.Debug|Any CPU.Build.0 = Debug|Any CPU
		{823C0B01-D0AE-4CB9-B481-2E28B7A228AF}.Release|Any CPU.ActiveCfg = Release|Any CPU
		{823C0B01-D0AE-4CB9-B481-2E28B7A228AF}.Release|Any CPU.Build.0 = Release|Any CPU
	EndGlobalSection
	GlobalSection(SolutionProperties) = preSolution
		HideSolutionNode = FALSE
	EndGlobalSection
	GlobalSection(ExtensibilityGlobals) = postSolution
		SolutionGuid = {56AA94BC-B92F-4432-A832-ACF02D28D359}
	EndGlobalSection
EndGlobal
